
Microsoft Visual Studio Solution File, Format Version 12.00
# Visual Studio 14
VisualStudioVersion = 14.0.25420.1
MinimumVisualStudioVersion = 10.0.40219.1
Project("{8BC9CEB8-8B4A-11D0-8D11-00A0C91BC942}") = "Insert-Sort", "Arithmetic\Arithmetic.vcxproj", "{B55A9C16-91EB-4616-B774-EE7F66A5B951}"
EndProject
Project("{8BC9CEB8-8B4A-11D0-8D11-00A0C91BC942}") = "ShellSort", "ShellSort\ShellSort.vcxproj", "{AFDD3C3F-F91D-4323-BD34-AFD20F867D30}"
EndProject
Project("{8BC9CEB8-8B4A-11D0-8D11-00A0C91BC942}") = "selectSort", "selectSort\selectSort.vcxproj", "{5CBF5E41-A2DD-46E4-A532-16FE9DCCB574}"
EndProject
Project("{8BC9CEB8-8B4A-11D0-8D11-00A0C91BC942}") = "HeapSort", "HeapSort\HeapSort.vcxproj", "{CCDF7572-6C70-4006-A8A6-DE65253827AF}"
EndProject
Project("{8BC9CEB8-8B4A-11D0-8D11-00A0C91BC942}") = "BubbleSort", "BubbleSort\BubbleSort.vcxproj", "{3D967036-450F-48F5-AAC8-452063FF06F7}"
EndProject
Project("{8BC9CEB8-8B4A-11D0-8D11-00A0C91BC942}") = "QuickSort", "QuickSort\QuickSort.vcxproj", "{F4F816A4-BA6C-4E3C-8454-93367C6C1A0F}"
EndProject
Global
	GlobalSection(SolutionConfigurationPlatforms) = preSolution
		Debug|x64 = Debug|x64
		Debug|x86 = Debug|x86
		Release|x64 = Release|x64
		Release|x86 = Release|x86
	EndGlobalSection
	GlobalSection(ProjectConfigurationPlatforms) = postSolution
		{B55A9C16-91EB-4616-B774-EE7F66A5B951}.Debug|x64.ActiveCfg = Debug|x64
		{B55A9C16-91EB-4616-B774-EE7F66A5B951}.Debug|x64.Build.0 = Debug|x64
		{B55A9C16-91EB-4616-B774-EE7F66A5B951}.Debug|x86.ActiveCfg = Debug|Win32
		{B55A9C16-91EB-4616-B774-EE7F66A5B951}.Debug|x86.Build.0 = Debug|Win32
		{B55A9C16-91EB-4616-B774-EE7F66A5B951}.Release|x64.ActiveCfg = Release|x64
		{B55A9C16-91EB-4616-B774-EE7F66A5B951}.Release|x64.Build.0 = Release|x64
		{B55A9C16-91EB-4616-B774-EE7F66A5B951}.Release|x86.ActiveCfg = Release|Win32
		{B55A9C16-91EB-4616-B774-EE7F66A5B951}.Release|x86.Build.0 = Release|Win32
		{AFDD3C3F-F91D-4323-BD34-AFD20F867D30}.Debug|x64.ActiveCfg = Debug|x64
		{AFDD3C3F-F91D-4323-BD34-AFD20F867D30}.Debug|x64.Build.0 = Debug|x64
		{AFDD3C3F-F91D-4323-BD34-AFD20F867D30}.Debug|x86.ActiveCfg = Debug|Win32
		{AFDD3C3F-F91D-4323-BD34-AFD20F867D30}.Debug|x86.Build.0 = Debug|Win32
		{AFDD3C3F-F91D-4323-BD34-AFD20F867D30}.Release|x64.ActiveCfg = Release|x64
		{AFDD3C3F-F91D-4323-BD34-AFD20F867D30}.Release|x64.Build.0 = Release|x64
		{AFDD3C3F-F91D-4323-BD34-AFD20F867D30}.Release|x86.ActiveCfg = Release|Win32
		{AFDD3C3F-F91D-4323-BD34-AFD20F867D30}.Release|x86.Build.0 = Release|Win32
		{5CBF5E41-A2DD-46E4-A532-16FE9DCCB574}.Debug|x64.ActiveCfg = Debug|x64
		{5CBF5E41-A2DD-46E4-A532-16FE9DCCB574}.Debug|x64.Build.0 = Debug|x64
		{5CBF5E41-A2DD-46E4-A532-16FE9DCCB574}.Debug|x86.ActiveCfg = Debug|Win32
		{5CBF5E41-A2DD-46E4-A532-16FE9DCCB574}.Debug|x86.Build.0 = Debug|Win32
		{5CBF5E41-A2DD-46E4-A532-16FE9DCCB574}.Release|x64.ActiveCfg = Release|x64
		{5CBF5E41-A2DD-46E4-A532-16FE9DCCB574}.Release|x64.Build.0 = Release|x64
		{5CBF5E41-A2DD-46E4-A532-16FE9DCCB574}.Release|x86.ActiveCfg = Release|Win32
		{5CBF5E41-A2DD-46E4-A532-16FE9DCCB574}.Release|x86.Build.0 = Release|Win32
		{CCDF7572-6C70-4006-A8A6-DE65253827AF}.Debug|x64.ActiveCfg = Debug|x64
		{CCDF7572-6C70-4006-A8A6-DE65253827AF}.Debug|x64.Build.0 = Debug|x64
		{CCDF7572-6C70-4006-A8A6-DE65253827AF}.Debug|x86.ActiveCfg = Debug|Win32
		{CCDF7572-6C70-4006-A8A6-DE65253827AF}.Debug|x86.Build.0 = Debug|Win32
		{CCDF7572-6C70-4006-A8A6-DE65253827AF}.Release|x64.ActiveCfg = Release|x64
		{CCDF7572-6C70-4006-A8A6-DE65253827AF}.Release|x64.Build.0 = Release|x64
		{CCDF7572-6C70-4006-A8A6-DE65253827AF}.Release|x86.ActiveCfg = Release|Win32
		{CCDF7572-6C70-4006-A8A6-DE65253827AF}.Release|x86.Build.0 = Release|Win32
		{3D967036-450F-48F5-AAC8-452063FF06F7}.Debug|x64.ActiveCfg = Debug|x64
		{3D967036-450F-48F5-AAC8-452063FF06F7}.Debug|x64.Build.0 = Debug|x64
		{3D967036-450F-48F5-AAC8-452063FF06F7}.Debug|x86.ActiveCfg = Debug|Win32
		{3D967036-450F-48F5-AAC8-452063FF06F7}.Debug|x86.Build.0 = Debug|Win32
		{3D967036-450F-48F5-AAC8-452063FF06F7}.Release|x64.ActiveCfg = Release|x64
		{3D967036-450F-48F5-AAC8-452063FF06F7}.Release|x64.Build.0 = Release|x64
		{3D967036-450F-48F5-AAC8-452063FF06F7}.Release|x86.ActiveCfg = Release|Win32
		{3D967036-450F-48F5-AAC8-452063FF06F7}.Release|x86.Build.0 = Release|Win32
		{F4F816A4-BA6C-4E3C-8454-93367C6C1A0F}.Debug|x64.ActiveCfg = Debug|x64
		{F4F816A4-BA6C-4E3C-8454-93367C6C1A0F}.Debug|x64.Build.0 = Debug|x64
		{F4F816A4-BA6C-4E3C-8454-93367C6C1A0F}.Debug|x86.ActiveCfg = Debug|Win32
		{F4F816A4-BA6C-4E3C-8454-93367C6C1A0F}.Debug|x86.Build.0 = Debug|Win32
		{F4F816A4-BA6C-4E3C-8454-93367C6C1A0F}.Release|x64.ActiveCfg = Release|x64
		{F4F816A4-BA6C-4E3C-8454-93367C6C1A0F}.Release|x64.Build.0 = Release|x64
		{F4F816A4-BA6C-4E3C-8454-93367C6C1A0F}.Release|x86.ActiveCfg = Release|Win32
		{F4F816A4-BA6C-4E3C-8454-93367C6C1A0F}.Release|x86.Build.0 = Release|Win32
	EndGlobalSection
	GlobalSection(SolutionProperties) = preSolution
		HideSolutionNode = FALSE
	EndGlobalSection
EndGlobal
